// !$*UTF8*$!
{
	archiveVersion = 1;
	classes = {
	};
	objectVersion = 56;
	objects = {

/* Begin PBXBuildFile section */
		D0DD70A92B5DB4C400E035D6 /* AppDelegate.swift in Sources */ = {isa = PBXBuildFile; fileRef = D0DD70A82B5DB4C400E035D6 /* AppDelegate.swift */; };
		D0DD70AB2B5DB4C400E035D6 /* SceneDelegate.swift in Sources */ = {isa = PBXBuildFile; fileRef = D0DD70AA2B5DB4C400E035D6 /* SceneDelegate.swift */; };
		D0DD70AD2B5DB4C400E035D6 /* ContactsViewController.swift in Sources */ = {isa = PBXBuildFile; fileRef = D0DD70AC2B5DB4C400E035D6 /* ContactsViewController.swift */; };
		D0DD70B02B5DB4C400E035D6 /* Main.storyboard in Resources */ = {isa = PBXBuildFile; fileRef = D0DD70AE2B5DB4C400E035D6 /* Main.storyboard */; };
		D0DD70B32B5DB4C400E035D6 /* ContactsApp.xcdatamodeld in Sources */ = {isa = PBXBuildFile; fileRef = D0DD70B12B5DB4C400E035D6 /* ContactsApp.xcdatamodeld */; };
		D0DD70B52B5DB4C700E035D6 /* Assets.xcassets in Resources */ = {isa = PBXBuildFile; fileRef = D0DD70B42B5DB4C700E035D6 /* Assets.xcassets */; };
		D0DD70B82B5DB4C700E035D6 /* LaunchScreen.storyboard in Resources */ = {isa = PBXBuildFile; fileRef = D0DD70B62B5DB4C700E035D6 /* LaunchScreen.storyboard */; };
		D0DD70C12B5DBC4800E035D6 /* SnapKit in Frameworks */ = {isa = PBXBuildFile; productRef = D0DD70C02B5DBC4800E035D6 /* SnapKit */; };
		D0DD70C32B5DBC4800E035D6 /* SnapKit-Dynamic in Frameworks */ = {isa = PBXBuildFile; productRef = D0DD70C22B5DBC4800E035D6 /* SnapKit-Dynamic */; };
		D0DD70C52B5DBE1000E035D6 /* Contact.swift in Sources */ = {isa = PBXBuildFile; fileRef = D0DD70C42B5DBE1000E035D6 /* Contact.swift */; };
		D0DD70C72B5DBF0700E035D6 /* ContactCell.swift in Sources */ = {isa = PBXBuildFile; fileRef = D0DD70C62B5DBF0700E035D6 /* ContactCell.swift */; };
		D0DD70C92B5DC09900E035D6 /* ContactService.swift in Sources */ = {isa = PBXBuildFile; fileRef = D0DD70C82B5DC09800E035D6 /* ContactService.swift */; };
/* End PBXBuildFile section */

/* Begin PBXFileReference section */
		D0DD70A52B5DB4C400E035D6 /* ContactsApp.app */ = {isa = PBXFileReference; explicitFileType = wrapper.application; includeInIndex = 0; path = ContactsApp.app; sourceTree = BUILT_PRODUCTS_DIR; };
		D0DD70A82B5DB4C400E035D6 /* AppDelegate.swift */ = {isa = PBXFileReference; lastKnownFileType = sourcecode.swift; path = AppDelegate.swift; sourceTree = "<group>"; };
		D0DD70AA2B5DB4C400E035D6 /* SceneDelegate.swift */ = {isa = PBXFileReference; lastKnownFileType = sourcecode.swift; path = SceneDelegate.swift; sourceTree = "<group>"; };
		D0DD70AC2B5DB4C400E035D6 /* ContactsViewController.swift */ = {isa = PBXFileReference; lastKnownFileType = sourcecode.swift; path = ContactsViewController.swift; sourceTree = "<group>"; };
		D0DD70AF2B5DB4C400E035D6 /* Base */ = {isa = PBXFileReference; lastKnownFileType = file.storyboard; name = Base; path = Base.lproj/Main.storyboard; sourceTree = "<group>"; };
		D0DD70B22B5DB4C400E035D6 /* ContactsApp.xcdatamodel */ = {isa = PBXFileReference; lastKnownFileType = wrapper.xcdatamodel; path = ContactsApp.xcdatamodel; sourceTree = "<group>"; };
		D0DD70B42B5DB4C700E035D6 /* Assets.xcassets */ = {isa = PBXFileReference; lastKnownFileType = folder.assetcatalog; path = Assets.xcassets; sourceTree = "<group>"; };
		D0DD70B72B5DB4C700E035D6 /* Base */ = {isa = PBXFileReference; lastKnownFileType = file.storyboard; name = Base; path = Base.lproj/LaunchScreen.storyboard; sourceTree = "<group>"; };
		D0DD70B92B5DB4C700E035D6 /* Info.plist */ = {isa = PBXFileReference; lastKnownFileType = text.plist.xml; path = Info.plist; sourceTree = "<group>"; };
		D0DD70C42B5DBE1000E035D6 /* Contact.swift */ = {isa = PBXFileReference; lastKnownFileType = sourcecode.swift; path = Contact.swift; sourceTree = "<group>"; };
		D0DD70C62B5DBF0700E035D6 /* ContactCell.swift */ = {isa = PBXFileReference; lastKnownFileType = sourcecode.swift; path = ContactCell.swift; sourceTree = "<group>"; };
		D0DD70C82B5DC09800E035D6 /* ContactService.swift */ = {isa = PBXFileReference; lastKnownFileType = sourcecode.swift; path = ContactService.swift; sourceTree = "<group>"; };
/* End PBXFileReference section */

/* Begin PBXFrameworksBuildPhase section */
		D0DD70A22B5DB4C400E035D6 /* Frameworks */ = {
			isa = PBXFrameworksBuildPhase;
			buildActionMask = 2147483647;
			files = (
				D0DD70C12B5DBC4800E035D6 /* SnapKit in Frameworks */,
				D0DD70C32B5DBC4800E035D6 /* SnapKit-Dynamic in Frameworks */,
			);
			runOnlyForDeploymentPostprocessing = 0;
		};
/* End PBXFrameworksBuildPhase section */

/* Begin PBXGroup section */
		D0DD709C2B5DB4C400E035D6 = {
			isa = PBXGroup;
			children = (
				D0DD70A72B5DB4C400E035D6 /* ContactsApp */,
				D0DD70A62B5DB4C400E035D6 /* Products */,
			);
			sourceTree = "<group>";
		};
		D0DD70A62B5DB4C400E035D6 /* Products */ = {
			isa = PBXGroup;
			children = (
				D0DD70A52B5DB4C400E035D6 /* ContactsApp.app */,
			);
			name = Products;
			sourceTree = "<group>";
		};
		D0DD70A72B5DB4C400E035D6 /* ContactsApp */ = {
			isa = PBXGroup;
			children = (
				D0DD70A82B5DB4C400E035D6 /* AppDelegate.swift */,
				D0DD70AA2B5DB4C400E035D6 /* SceneDelegate.swift */,
				D0DD70AC2B5DB4C400E035D6 /* ContactsViewController.swift */,
				D0DD70C82B5DC09800E035D6 /* ContactService.swift */,
				D0DD70C62B5DBF0700E035D6 /* ContactCell.swift */,
				D0DD70C42B5DBE1000E035D6 /* Contact.swift */,
				D0DD70AE2B5DB4C400E035D6 /* Main.storyboard */,
				D0DD70B42B5DB4C700E035D6 /* Assets.xcassets */,
				D0DD70B62B5DB4C700E035D6 /* LaunchScreen.storyboard */,
				D0DD70B92B5DB4C700E035D6 /* Info.plist */,
				D0DD70B12B5DB4C400E035D6 /* ContactsApp.xcdatamodeld */,
			);
			path = ContactsApp;
			sourceTree = "<group>";
		};
/* End PBXGroup section */

/* Begin PBXNativeTarget section */
		D0DD70A42B5DB4C400E035D6 /* ContactsApp */ = {
			isa = PBXNativeTarget;
			buildConfigurationList = D0DD70BC2B5DB4C700E035D6 /* Build configuration list for PBXNativeTarget "ContactsApp" */;
			buildPhases = (
				D0DD70A12B5DB4C400E035D6 /* Sources */,
				D0DD70A22B5DB4C400E035D6 /* Frameworks */,
				D0DD70A32B5DB4C400E035D6 /* Resources */,
			);
			buildRules = (
			);
			dependencies = (
			);
			name = ContactsApp;
			packageProductDependencies = (
				D0DD70C02B5DBC4800E035D6 /* SnapKit */,
				D0DD70C22B5DBC4800E035D6 /* SnapKit-Dynamic */,
			);
			productName = ContactsApp;
			productReference = D0DD70A52B5DB4C400E035D6 /* ContactsApp.app */;
			productType = "com.apple.product-type.application";
		};
/* End PBXNativeTarget section */

/* Begin PBXProject section */
		D0DD709D2B5DB4C400E035D6 /* Project object */ = {
			isa = PBXProject;
			attributes = {
				BuildIndependentTargetsInParallel = 1;
				LastSwiftUpdateCheck = 1500;
				LastUpgradeCheck = 1500;
				TargetAttributes = {
					D0DD70A42B5DB4C400E035D6 = {
						CreatedOnToolsVersion = 15.0;
					};
				};
			};
			buildConfigurationList = D0DD70A02B5DB4C400E035D6 /* Build configuration list for PBXProject "ContactsApp" */;
			compatibilityVersion = "Xcode 14.0";
			developmentRegion = en;
			hasScannedForEncodings = 0;
			knownRegions = (
				en,
				Base,
			);
			mainGroup = D0DD709C2B5DB4C400E035D6;
			packageReferences = (
				D0DD70BF2B5DBC4800E035D6 /* XCRemoteSwiftPackageReference "SnapKit" */,
			);
			productRefGroup = D0DD70A62B5DB4C400E035D6 /* Products */;
			projectDirPath = "";
			projectRoot = "";
			targets = (
				D0DD70A42B5DB4C400E035D6 /* ContactsApp */,
			);
		};
/* End PBXProject section */

/* Begin PBXResourcesBuildPhase section */
		D0DD70A32B5DB4C400E035D6 /* Resources */ = {
			isa = PBXResourcesBuildPhase;
			buildActionMask = 2147483647;
			files = (
				D0DD70B82B5DB4C700E035D6 /* LaunchScreen.storyboard in Resources */,
				D0DD70B52B5DB4C700E035D6 /* Assets.xcassets in Resources */,
				D0DD70B02B5DB4C400E035D6 /* Main.storyboard in Resources */,
			);
			runOnlyForDeploymentPostprocessing = 0;
		};
/* End PBXResourcesBuildPhase section */

/* Begin PBXSourcesBuildPhase section */
		D0DD70A12B5DB4C400E035D6 /* Sources */ = {
			isa = PBXSourcesBuildPhase;
			buildActionMask = 2147483647;
			files = (
				D0DD70C72B5DBF0700E035D6 /* ContactCell.swift in Sources */,
				D0DD70B32B5DB4C400E035D6 /* ContactsApp.xcdatamodeld in Sources */,
				D0DD70AD2B5DB4C400E035D6 /* ContactsViewController.swift in Sources */,
				D0DD70C92B5DC09900E035D6 /* ContactService.swift in Sources */,
				D0DD70C52B5DBE1000E035D6 /* Contact.swift in Sources */,
				D0DD70A92B5DB4C400E035D6 /* AppDelegate.swift in Sources */,
				D0DD70AB2B5DB4C400E035D6 /* SceneDelegate.swift in Sources */,
			);
			runOnlyForDeploymentPostprocessing = 0;
		};
/* End PBXSourcesBuildPhase section */

/* Begin PBXVariantGroup section */
		D0DD70AE2B5DB4C400E035D6 /* Main.storyboard */ = {
			isa = PBXVariantGroup;
			children = (
				D0DD70AF2B5DB4C400E035D6 /* Base */,
			);
			name = Main.storyboard;
			sourceTree = "<group>";
		};
		D0DD70B62B5DB4C700E035D6 /* LaunchScreen.storyboard */ = {
			isa = PBXVariantGroup;
			children = (
				D0DD70B72B5DB4C700E035D6 /* Base */,
			);
			name = LaunchScreen.storyboard;
			sourceTree = "<group>";
		};
/* End PBXVariantGroup section */

/* Begin XCBuildConfiguration section */
		D0DD70BA2B5DB4C700E035D6 /* Debug */ = {
			isa = XCBuildConfiguration;
			buildSettings = {
				ALWAYS_SEARCH_USER_PATHS = NO;
				ASSETCATALOG_COMPILER_GENERATE_SWIFT_ASSET_SYMBOL_EXTENSIONS = YES;
				CLANG_ANALYZER_NONNULL = YES;
				CLANG_ANALYZER_NUMBER_OBJECT_CONVERSION = YES_AGGRESSIVE;
				CLANG_CXX_LANGUAGE_STANDARD = "gnu++20";
				CLANG_ENABLE_MODULES = YES;
				CLANG_ENABLE_OBJC_ARC = YES;
				CLANG_ENABLE_OBJC_WEAK = YES;
				CLANG_WARN_BLOCK_CAPTURE_AUTORELEASING = YES;
				CLANG_WARN_BOOL_CONVERSION = YES;
				CLANG_WARN_COMMA = YES;
				CLANG_WARN_CONSTANT_CONVERSION = YES;
				CLANG_WARN_DEPRECATED_OBJC_IMPLEMENTATIONS = YES;
				CLANG_WARN_DIRECT_OBJC_ISA_USAGE = YES_ERROR;
				CLANG_WARN_DOCUMENTATION_COMMENTS = YES;
				CLANG_WARN_EMPTY_BODY = YES;
				CLANG_WARN_ENUM_CONVERSION = YES;
				CLANG_WARN_INFINITE_RECURSION = YES;
				CLANG_WARN_INT_CONVERSION = YES;
				CLANG_WARN_NON_LITERAL_NULL_CONVERSION = YES;
				CLANG_WARN_OBJC_IMPLICIT_RETAIN_SELF = YES;
				CLANG_WARN_OBJC_LITERAL_CONVERSION = YES;
				CLANG_WARN_OBJC_ROOT_CLASS = YES_ERROR;
				CLANG_WARN_QUOTED_INCLUDE_IN_FRAMEWORK_HEADER = YES;
				CLANG_WARN_RANGE_LOOP_ANALYSIS = YES;
				CLANG_WARN_STRICT_PROTOTYPES = YES;
				CLANG_WARN_SUSPICIOUS_MOVE = YES;
				CLANG_WARN_UNGUARDED_AVAILABILITY = YES_AGGRESSIVE;
				CLANG_WARN_UNREACHABLE_CODE = YES;
				CLANG_WARN__DUPLICATE_METHOD_MATCH = YES;
				COPY_PHASE_STRIP = NO;
				DEBUG_INFORMATION_FORMAT = dwarf;
				ENABLE_STRICT_OBJC_MSGSEND = YES;
				ENABLE_TESTABILITY = YES;
				ENABLE_USER_SCRIPT_SANDBOXING = YES;
				GCC_C_LANGUAGE_STANDARD = gnu17;
				GCC_DYNAMIC_NO_PIC = NO;
				GCC_NO_COMMON_BLOCKS = YES;
				GCC_OPTIMIZATION_LEVEL = 0;
				GCC_PREPROCESSOR_DEFINITIONS = (
					"DEBUG=1",
					"$(inherited)",
				);
				GCC_WARN_64_TO_32_BIT_CONVERSION = YES;
				GCC_WARN_ABOUT_RETURN_TYPE = YES_ERROR;
				GCC_WARN_UNDECLARED_SELECTOR = YES;
				GCC_WARN_UNINITIALIZED_AUTOS = YES_AGGRESSIVE;
				GCC_WARN_UNUSED_FUNCTION = YES;
				GCC_WARN_UNUSED_VARIABLE = YES;
				IPHONEOS_DEPLOYMENT_TARGET = 17.0;
				LOCALIZATION_PREFERS_STRING_CATALOGS = YES;
				MTL_ENABLE_DEBUG_INFO = INCLUDE_SOURCE;
				MTL_FAST_MATH = YES;
				ONLY_ACTIVE_ARCH = YES;
				SDKROOT = iphoneos;
				SWIFT_ACTIVE_COMPILATION_CONDITIONS = "DEBUG $(inherited)";
				SWIFT_OPTIMIZATION_LEVEL = "-Onone";
			};
			name = Debug;
		};
		D0DD70BB2B5DB4C700E035D6 /* Release */ = {
			isa = XCBuildConfiguration;
			buildSettings = {
				ALWAYS_SEARCH_USER_PATHS = NO;
				ASSETCATALOG_COMPILER_GENERATE_SWIFT_ASSET_SYMBOL_EXTENSIONS = YES;
				CLANG_ANALYZER_NONNULL = YES;
				CLANG_ANALYZER_NUMBER_OBJECT_CONVERSION = YES_AGGRESSIVE;
				CLANG_CXX_LANGUAGE_STANDARD = "gnu++20";
				CLANG_ENABLE_MODULES = YES;
				CLANG_ENABLE_OBJC_ARC = YES;
				CLANG_ENABLE_OBJC_WEAK = YES;
				CLANG_WARN_BLOCK_CAPTURE_AUTORELEASING = YES;
				CLANG_WARN_BOOL_CONVERSION = YES;
				CLANG_WARN_COMMA = YES;
				CLANG_WARN_CONSTANT_CONVERSION = YES;
				CLANG_WARN_DEPRECATED_OBJC_IMPLEMENTATIONS = YES;
				CLANG_WARN_DIRECT_OBJC_ISA_USAGE = YES_ERROR;
				CLANG_WARN_DOCUMENTATION_COMMENTS = YES;
				CLANG_WARN_EMPTY_BODY = YES;
				CLANG_WARN_ENUM_CONVERSION = YES;
				CLANG_WARN_INFINITE_RECURSION = YES;
				CLANG_WARN_INT_CONVERSION = YES;
				CLANG_WARN_NON_LITERAL_NULL_CONVERSION = YES;
				CLANG_WARN_OBJC_IMPLICIT_RETAIN_SELF = YES;
				CLANG_WARN_OBJC_LITERAL_CONVERSION = YES;
				CLANG_WARN_OBJC_ROOT_CLASS = YES_ERROR;
				CLANG_WARN_QUOTED_INCLUDE_IN_FRAMEWORK_HEADER = YES;
				CLANG_WARN_RANGE_LOOP_ANALYSIS = YES;
				CLANG_WARN_STRICT_PROTOTYPES = YES;
				CLANG_WARN_SUSPICIOUS_MOVE = YES;
				CLANG_WARN_UNGUARDED_AVAILABILITY = YES_AGGRESSIVE;
				CLANG_WARN_UNREACHABLE_CODE = YES;
				CLANG_WARN__DUPLICATE_METHOD_MATCH = YES;
				COPY_PHASE_STRIP = NO;
				DEBUG_INFORMATION_FORMAT = "dwarf-with-dsym";
				ENABLE_NS_ASSERTIONS = NO;
				ENABLE_STRICT_OBJC_MSGSEND = YES;
				ENABLE_USER_SCRIPT_SANDBOXING = YES;
				GCC_C_LANGUAGE_STANDARD = gnu17;
				GCC_NO_COMMON_BLOCKS = YES;
				GCC_WARN_64_TO_32_BIT_CONVERSION = YES;
				GCC_WARN_ABOUT_RETURN_TYPE = YES_ERROR;
				GCC_WARN_UNDECLARED_SELECTOR = YES;
				GCC_WARN_UNINITIALIZED_AUTOS = YES_AGGRESSIVE;
				GCC_WARN_UNUSED_FUNCTION = YES;
				GCC_WARN_UNUSED_VARIABLE = YES;
				IPHONEOS_DEPLOYMENT_TARGET = 17.0;
				LOCALIZATION_PREFERS_STRING_CATALOGS = YES;
				MTL_ENABLE_DEBUG_INFO = NO;
				MTL_FAST_MATH = YES;
				SDKROOT = iphoneos;
				SWIFT_COMPILATION_MODE = wholemodule;
				VALIDATE_PRODUCT = YES;
			};
			name = Release;
		};
		D0DD70BD2B5DB4C700E035D6 /* Debug */ = {
			isa = XCBuildConfiguration;
			buildSettings = {
				ASSETCATALOG_COMPILER_APPICON_NAME = AppIcon;
				ASSETCATALOG_COMPILER_GLOBAL_ACCENT_COLOR_NAME = AccentColor;
				CODE_SIGN_STYLE = Automatic;
				CURRENT_PROJECT_VERSION = 1;
				DEVELOPMENT_TEAM = XUYG7TPG2C;
				GENERATE_INFOPLIST_FILE = YES;
				INFOPLIST_FILE = ContactsApp/Info.plist;
				INFOPLIST_KEY_UIApplicationSupportsIndirectInputEvents = YES;
				INFOPLIST_KEY_UILaunchStoryboardName = LaunchScreen;
				INFOPLIST_KEY_UIMainStoryboardFile = Main;
				INFOPLIST_KEY_UISupportedInterfaceOrientations_iPad = "UIInterfaceOrientationPortrait UIInterfaceOrientationPortraitUpsideDown UIInterfaceOrientationLandscapeLeft UIInterfaceOrientationLandscapeRight";
				INFOPLIST_KEY_UISupportedInterfaceOrientations_iPhone = "UIInterfaceOrientationPortrait UIInterfaceOrientationLandscapeLeft UIInterfaceOrientationLandscapeRight";
				LD_RUNPATH_SEARCH_PATHS = (
					"$(inherited)",
					"@executable_path/Frameworks",
				);
				MARKETING_VERSION = 1.0;
				PRODUCT_BUNDLE_IDENTIFIER = com.bolotska.ContactsApp;
				PRODUCT_NAME = "$(TARGET_NAME)";
				SWIFT_EMIT_LOC_STRINGS = YES;
				SWIFT_VERSION = 5.0;
				TARGETED_DEVICE_FAMILY = "1,2";
			};
			name = Debug;
		};
		D0DD70BE2B5DB4C700E035D6 /* Release */ = {
			isa = XCBuildConfiguration;
			buildSettings = {
				ASSETCATALOG_COMPILER_APPICON_NAME = AppIcon;
				ASSETCATALOG_COMPILER_GLOBAL_ACCENT_COLOR_NAME = AccentColor;
				CODE_SIGN_STYLE = Automatic;
				CURRENT_PROJECT_VERSION = 1;
				DEVELOPMENT_TEAM = XUYG7TPG2C;
				GENERATE_INFOPLIST_FILE = YES;
				INFOPLIST_FILE = ContactsApp/Info.plist;
				INFOPLIST_KEY_UIApplicationSupportsIndirectInputEvents = YES;
				INFOPLIST_KEY_UILaunchStoryboardName = LaunchScreen;
				INFOPLIST_KEY_UIMainStoryboardFile = Main;
				INFOPLIST_KEY_UISupportedInterfaceOrientations_iPad = "UIInterfaceOrientationPortrait UIInterfaceOrientationPortraitUpsideDown UIInterfaceOrientationLandscapeLeft UIInterfaceOrientationLandscapeRight";
				INFOPLIST_KEY_UISupportedInterfaceOrientations_iPhone = "UIInterfaceOrientationPortrait UIInterfaceOrientationLandscapeLeft UIInterfaceOrientationLandscapeRight";
				LD_RUNPATH_SEARCH_PATHS = (
					"$(inherited)",
					"@executable_path/Frameworks",
				);
				MARKETING_VERSION = 1.0;
				PRODUCT_BUNDLE_IDENTIFIER = com.bolotska.ContactsApp;
				PRODUCT_NAME = "$(TARGET_NAME)";
				SWIFT_EMIT_LOC_STRINGS = YES;
				SWIFT_VERSION = 5.0;
				TARGETED_DEVICE_FAMILY = "1,2";
			};
			name = Release;
		};
/* End XCBuildConfiguration section */

/* Begin XCConfigurationList section */
		D0DD70A02B5DB4C400E035D6 /* Build configuration list for PBXProject "ContactsApp" */ = {
			isa = XCConfigurationList;
			buildConfigurations = (
				D0DD70BA2B5DB4C700E035D6 /* Debug */,
				D0DD70BB2B5DB4C700E035D6 /* Release */,
			);
			defaultConfigurationIsVisible = 0;
			defaultConfigurationName = Release;
		};
		D0DD70BC2B5DB4C700E035D6 /* Build configuration list for PBXNativeTarget "ContactsApp" */ = {
			isa = XCConfigurationList;
			buildConfigurations = (
				D0DD70BD2B5DB4C700E035D6 /* Debug */,
				D0DD70BE2B5DB4C700E035D6 /* Release */,
			);
			defaultConfigurationIsVisible = 0;
			defaultConfigurationName = Release;
		};
/* End XCConfigurationList section */

/* Begin XCRemoteSwiftPackageReference section */
		D0DD70BF2B5DBC4800E035D6 /* XCRemoteSwiftPackageReference "SnapKit" */ = {
			isa = XCRemoteSwiftPackageReference;
			repositoryURL = "https://github.com/mabolotska/SnapKit";
			requirement = {
				branch = develop;
				kind = branch;
			};
		};
/* End XCRemoteSwiftPackageReference section */

/* Begin XCSwiftPackageProductDependency section */
		D0DD70C02B5DBC4800E035D6 /* SnapKit */ = {
			isa = XCSwiftPackageProductDependency;
			package = D0DD70BF2B5DBC4800E035D6 /* XCRemoteSwiftPackageReference "SnapKit" */;
			productName = SnapKit;
		};
		D0DD70C22B5DBC4800E035D6 /* SnapKit-Dynamic */ = {
			isa = XCSwiftPackageProductDependency;
			package = D0DD70BF2B5DBC4800E035D6 /* XCRemoteSwiftPackageReference "SnapKit" */;
			productName = "SnapKit-Dynamic";
		};
/* End XCSwiftPackageProductDependency section */

/* Begin XCVersionGroup section */
		D0DD70B12B5DB4C400E035D6 /* ContactsApp.xcdatamodeld */ = {
			isa = XCVersionGroup;
			children = (
				D0DD70B22B5DB4C400E035D6 /* ContactsApp.xcdatamodel */,
			);
			currentVersion = D0DD70B22B5DB4C400E035D6 /* ContactsApp.xcdatamodel */;
			path = ContactsApp.xcdatamodeld;
			sourceTree = "<group>";
			versionGroupType = wrapper.xcdatamodel;
		};
/* End XCVersionGroup section */
	};
	rootObject = D0DD709D2B5DB4C400E035D6 /* Project object */;
}
